
Microsoft Visual Studio Solution File, Format Version 12.00
# Visual Studio Version 16
VisualStudioVersion = 16.0.30011.22
MinimumVisualStudioVersion = 10.0.40219.1
Project("{FAE04EC0-301F-11D3-BF4B-00C04F79EFBC}") = "WSB_C_2020_Z1", "WSB_C_2020_Z1.csproj", "{CBEAD18C-95D8-411F-8EB2-3F7F07E47A97}"
EndProject
Global
	GlobalSection(SolutionConfigurationPlatforms) = preSolution
		Debug|Any CPU = Debug|Any CPU
		Release|Any CPU = Release|Any CPU
	EndGlobalSection
	GlobalSection(ProjectConfigurationPlatforms) = postSolution
		{CBEAD18C-95D8-411F-8EB2-3F7F07E47A97}.Debug|Any CPU.ActiveCfg = Debug|Any CPU
		{CBEAD18C-95D8-411F-8EB2-3F7F07E47A97}.Debug|Any CPU.Build.0 = Debug|Any CPU
		{CBEAD18C-95D8-411F-8EB2-3F7F07E47A97}.Release|Any CPU.ActiveCfg = Release|Any CPU
		{CBEAD18C-95D8-411F-8EB2-3F7F07E47A97}.Release|Any CPU.Build.0 = Release|Any CPU
	EndGlobalSection
	GlobalSection(SolutionProperties) = preSolution
		HideSolutionNode = FALSE
	EndGlobalSection
	GlobalSection(ExtensibilityGlobals) = postSolution
		SolutionGuid = {BF7337CE-A9CF-4834-BCF8-A54B9F630D51}
	EndGlobalSection
EndGlobal
